
Microsoft Visual Studio Solution File, Format Version 12.00
# Visual Studio Version 17
VisualStudioVersion = 17.4.33122.133
MinimumVisualStudioVersion = 10.0.40219.1
Project("{FAE04EC0-301F-11D3-BF4B-00C04F79EFBC}") = "orientação ao objeto desafio 1 - supermercado", "orientação ao objeto desafio 1 - supermercado\orientação ao objeto desafio 1 - supermercado.csproj", "{84F130A6-DDA9-4B17-85C3-A23965B4AEA9}"
EndProject
Global
	GlobalSection(SolutionConfigurationPlatforms) = preSolution
		Debug|Any CPU = Debug|Any CPU
		Release|Any CPU = Release|Any CPU
	EndGlobalSection
	GlobalSection(ProjectConfigurationPlatforms) = postSolution
		{84F130A6-DDA9-4B17-85C3-A23965B4AEA9}.Debug|Any CPU.ActiveCfg = Debug|Any CPU
		{84F130A6-DDA9-4B17-85C3-A23965B4AEA9}.Debug|Any CPU.Build.0 = Debug|Any CPU
		{84F130A6-DDA9-4B17-85C3-A23965B4AEA9}.Release|Any CPU.ActiveCfg = Release|Any CPU
		{84F130A6-DDA9-4B17-85C3-A23965B4AEA9}.Release|Any CPU.Build.0 = Release|Any CPU
	EndGlobalSection
	GlobalSection(SolutionProperties) = preSolution
		HideSolutionNode = FALSE
	EndGlobalSection
	GlobalSection(ExtensibilityGlobals) = postSolution
		SolutionGuid = {D9998413-F056-4777-9BDF-E0D5B76C61D6}
	EndGlobalSection
EndGlobal
